
Microsoft Visual Studio Solution File, Format Version 12.00
# Visual Studio Version 16
VisualStudioVersion = 16.0.30104.148
MinimumVisualStudioVersion = 10.0.40219.1
Project("{E24C65DC-7377-472B-9ABA-BC803B73C61A}") = "Jogy.net", ".", "{6B838C59-CF25-4B25-A7F8-3B63041B9E92}"
	ProjectSection(WebsiteProperties) = preProject
		TargetFrameworkMoniker = ".NETFramework,Version%3Dv4.0"
		Debug.AspNetCompiler.VirtualPath = "/localhost_56496"
		Debug.AspNetCompiler.PhysicalPath = "D:\Work\Projects\Jogy.net\"
		Debug.AspNetCompiler.TargetPath = "PrecompiledWeb\localhost_56496\"
		Debug.AspNetCompiler.Updateable = "true"
		Debug.AspNetCompiler.ForceOverwrite = "true"
		Debug.AspNetCompiler.FixedNames = "false"
		Debug.AspNetCompiler.Debug = "True"
		Release.AspNetCompiler.VirtualPath = "/localhost_56496"
		Release.AspNetCompiler.PhysicalPath = "D:\Work\Projects\Jogy.net\"
		Release.AspNetCompiler.TargetPath = "PrecompiledWeb\localhost_56496\"
		Release.AspNetCompiler.Updateable = "true"
		Release.AspNetCompiler.ForceOverwrite = "true"
		Release.AspNetCompiler.FixedNames = "false"
		Release.AspNetCompiler.Debug = "False"
		VWDPort = "56496"
	EndProjectSection
EndProject
Global
	GlobalSection(SolutionConfigurationPlatforms) = preSolution
		Debug|Any CPU = Debug|Any CPU
	EndGlobalSection
	GlobalSection(ProjectConfigurationPlatforms) = postSolution
		{6B838C59-CF25-4B25-A7F8-3B63041B9E92}.Debug|Any CPU.ActiveCfg = Debug|Any CPU
		{6B838C59-CF25-4B25-A7F8-3B63041B9E92}.Debug|Any CPU.Build.0 = Debug|Any CPU
	EndGlobalSection
	GlobalSection(SolutionProperties) = preSolution
		HideSolutionNode = FALSE
	EndGlobalSection
	GlobalSection(ExtensibilityGlobals) = postSolution
		SolutionGuid = {5C493885-51C8-4AA9-A065-056D58A9FB30}
	EndGlobalSection
EndGlobal
